
Microsoft Visual Studio Solution File, Format Version 12.00
# Visual Studio Version 16
VisualStudioVersion = 16.0.28803.156
MinimumVisualStudioVersion = 10.0.40219.1
Project("{FAE04EC0-301F-11D3-BF4B-00C04F79EFBC}") = "Vectoid Odyssey", "Vectoid Odyssey\Vectoid Odyssey.csproj", "{39F70FF3-911A-4606-B55A-FDAFA1E6C973}"
EndProject
Project("{FAE04EC0-301F-11D3-BF4B-00C04F79EFBC}") = "Vectoid Odyssey JSON Utility", "VectoidOdysseyJSONUtility\Vectoid Odyssey JSON Utility.csproj", "{66B9E613-A517-4567-A947-FE104832C378}"
EndProject
Global
	GlobalSection(SolutionConfigurationPlatforms) = preSolution
		Debug|Any CPU = Debug|Any CPU
		Release|Any CPU = Release|Any CPU
	EndGlobalSection
	GlobalSection(ProjectConfigurationPlatforms) = postSolution
		{39F70FF3-911A-4606-B55A-FDAFA1E6C973}.Debug|Any CPU.ActiveCfg = Debug|Any CPU
		{39F70FF3-911A-4606-B55A-FDAFA1E6C973}.Debug|Any CPU.Build.0 = Debug|Any CPU
		{39F70FF3-911A-4606-B55A-FDAFA1E6C973}.Release|Any CPU.ActiveCfg = Release|Any CPU
		{39F70FF3-911A-4606-B55A-FDAFA1E6C973}.Release|Any CPU.Build.0 = Release|Any CPU
		{66B9E613-A517-4567-A947-FE104832C378}.Debug|Any CPU.ActiveCfg = Debug|Any CPU
		{66B9E613-A517-4567-A947-FE104832C378}.Debug|Any CPU.Build.0 = Debug|Any CPU
		{66B9E613-A517-4567-A947-FE104832C378}.Release|Any CPU.ActiveCfg = Release|Any CPU
		{66B9E613-A517-4567-A947-FE104832C378}.Release|Any CPU.Build.0 = Release|Any CPU
	EndGlobalSection
	GlobalSection(SolutionProperties) = preSolution
		HideSolutionNode = FALSE
	EndGlobalSection
	GlobalSection(ExtensibilityGlobals) = postSolution
		SolutionGuid = {17B802D7-414A-446C-9AED-DD43A3C11AF4}
	EndGlobalSection
EndGlobal
